{
  "version": 4,
  "terraform_version": "0.12.26",
  "serial": 3,
  "lineage": "3fd107f1-6cef-840d-567d-bf52d26cf1fa",
  "outputs": {},
  "resources": [
    {
      "mode": "data",
      "type": "azurerm_resource_group",
      "name": "rbac-tutorial",
      "provider": "provider.azurerm",
      "instances": [
        {
          "schema_version": 0,
          "attributes": {
            "id": "/subscriptions/a4fe28da-0262-4b49-a9ea-7f2bba03f85b/resourceGroups/rgpazewsmlit-sandbox-pgr095-001",
            "location": "westeurope",
            "name": "rgpazewsmlit-sandbox-pgr095-001",
            "tags": {
              "Business Unit": "MLIT",
              "SNOW Request Number": "N/A",
              "Self Managed": "Yes",
              "Service Name": "AnalyticsOps",
              "Service Owner Name": "BJN004",
              "environment": "sandbox",
              "product": "sandbox",
              "service": "pgr095"
            },
            "timeouts": null
          }
        }
      ]
    },
    {
      "mode": "managed",
      "type": "azurerm_resource_group",
      "name": "rbac-tutorial",
      "provider": "provider.azurerm",
      "instances": [
        {
          "schema_version": 0,
          "attributes": {
            "id": "/subscriptions/a4fe28da-0262-4b49-a9ea-7f2bba03f85b/resourceGroups/rgpazewsmlit-sandbox-pgr095-001",
            "location": "westeurope",
            "name": "rgpazewsmlit-sandbox-pgr095-001",
            "tags": {
              "Business Unit": "MLIT",
              "SNOW Request Number": "N/A",
              "Self Managed": "Yes",
              "Service Name": "AnalyticsOps",
              "Service Owner Name": "BJN004",
              "environment": "PLEASE-SET-ME",
              "product": "PLEASE-SET-ME",
              "service": "PLEASE-SET-ME"
            },
            "timeouts": {
              "create": null,
              "delete": null,
              "read": null,
              "update": null
            }
          },
          "private": "eyJlMmJmYjczMC1lY2FhLTExZTYtOGY4OC0zNDM2M2JjN2M0YzAiOnsiY3JlYXRlIjo1NDAwMDAwMDAwMDAwLCJkZWxldGUiOjU0MDAwMDAwMDAwMDAsInJlYWQiOjMwMDAwMDAwMDAwMCwidXBkYXRlIjo1NDAwMDAwMDAwMDAwfX0="
        }
      ]
    }
  ]
}
